// !$*UTF8*$!
{
	archiveVersion = 1;
	classes = {
	};
	objectVersion = 50;
	objects = {

/* Begin PBXBuildFile section */
		D4D3B3482194A7700094F38E /* AppDelegate.swift in Sources */ = {isa = PBXBuildFile; fileRef = D4D3B3472194A7700094F38E /* AppDelegate.swift */; };
		D4D3B34A2194A7700094F38E /* ViewController.swift in Sources */ = {isa = PBXBuildFile; fileRef = D4D3B3492194A7700094F38E /* ViewController.swift */; };
		D4D3B34D2194A7700094F38E /* Main.storyboard in Resources */ = {isa = PBXBuildFile; fileRef = D4D3B34B2194A7700094F38E /* Main.storyboard */; };
		D4D3B34F2194A7710094F38E /* Assets.xcassets in Resources */ = {isa = PBXBuildFile; fileRef = D4D3B34E2194A7710094F38E /* Assets.xcassets */; };
		D4D3B3522194A7710094F38E /* LaunchScreen.storyboard in Resources */ = {isa = PBXBuildFile; fileRef = D4D3B3502194A7710094F38E /* LaunchScreen.storyboard */; };
		D4D3B35D2194A7710094F38E /* SmartyTests.swift in Sources */ = {isa = PBXBuildFile; fileRef = D4D3B35C2194A7710094F38E /* SmartyTests.swift */; };
		D4D3B3682194A7710094F38E /* SmartyUITests.swift in Sources */ = {isa = PBXBuildFile; fileRef = D4D3B3672194A7710094F38E /* SmartyUITests.swift */; };
/* End PBXBuildFile section */

/* Begin PBXContainerItemProxy section */
		D4D3B3592194A7710094F38E /* PBXContainerItemProxy */ = {
			isa = PBXContainerItemProxy;
			containerPortal = D4D3B33C2194A7700094F38E /* Project object */;
			proxyType = 1;
			remoteGlobalIDString = D4D3B3432194A7700094F38E;
			remoteInfo = Smarty;
		};
		D4D3B3642194A7710094F38E /* PBXContainerItemProxy */ = {
			isa = PBXContainerItemProxy;
			containerPortal = D4D3B33C2194A7700094F38E /* Project object */;
			proxyType = 1;
			remoteGlobalIDString = D4D3B3432194A7700094F38E;
			remoteInfo = Smarty;
		};
/* End PBXContainerItemProxy section */

/* Begin PBXFileReference section */
		D4D3B3442194A7700094F38E /* Smarty.app */ = {isa = PBXFileReference; explicitFileType = wrapper.application; includeInIndex = 0; path = Smarty.app; sourceTree = BUILT_PRODUCTS_DIR; };
		D4D3B3472194A7700094F38E /* AppDelegate.swift */ = {isa = PBXFileReference; lastKnownFileType = sourcecode.swift; path = AppDelegate.swift; sourceTree = "<group>"; };
		D4D3B3492194A7700094F38E /* ViewController.swift */ = {isa = PBXFileReference; lastKnownFileType = sourcecode.swift; path = ViewController.swift; sourceTree = "<group>"; };
		D4D3B34C2194A7700094F38E /* Base */ = {isa = PBXFileReference; lastKnownFileType = file.storyboard; name = Base; path = Base.lproj/Main.storyboard; sourceTree = "<group>"; };
		D4D3B34E2194A7710094F38E /* Assets.xcassets */ = {isa = PBXFileReference; lastKnownFileType = folder.assetcatalog; path = Assets.xcassets; sourceTree = "<group>"; };
		D4D3B3512194A7710094F38E /* Base */ = {isa = PBXFileReference; lastKnownFileType = file.storyboard; name = Base; path = Base.lproj/LaunchScreen.storyboard; sourceTree = "<group>"; };
		D4D3B3532194A7710094F38E /* Info.plist */ = {isa = PBXFileReference; lastKnownFileType = text.plist.xml; path = Info.plist; sourceTree = "<group>"; };
		D4D3B3582194A7710094F38E /* SmartyTests.xctest */ = {isa = PBXFileReference; explicitFileType = wrapper.cfbundle; includeInIndex = 0; path = SmartyTests.xctest; sourceTree = BUILT_PRODUCTS_DIR; };
		D4D3B35C2194A7710094F38E /* SmartyTests.swift */ = {isa = PBXFileReference; lastKnownFileType = sourcecode.swift; path = SmartyTests.swift; sourceTree = "<group>"; };
		D4D3B35E2194A7710094F38E /* Info.plist */ = {isa = PBXFileReference; lastKnownFileType = text.plist.xml; path = Info.plist; sourceTree = "<group>"; };
		D4D3B3632194A7710094F38E /* SmartyUITests.xctest */ = {isa = PBXFileReference; explicitFileType = wrapper.cfbundle; includeInIndex = 0; path = SmartyUITests.xctest; sourceTree = BUILT_PRODUCTS_DIR; };
		D4D3B3672194A7710094F38E /* SmartyUITests.swift */ = {isa = PBXFileReference; lastKnownFileType = sourcecode.swift; path = SmartyUITests.swift; sourceTree = "<group>"; };
		D4D3B3692194A7710094F38E /* Info.plist */ = {isa = PBXFileReference; lastKnownFileType = text.plist.xml; path = Info.plist; sourceTree = "<group>"; };
/* End PBXFileReference section */

/* Begin PBXFrameworksBuildPhase section */
		D4D3B3412194A7700094F38E /* Frameworks */ = {
			isa = PBXFrameworksBuildPhase;
			buildActionMask = 2147483647;
			files = (
			);
			runOnlyForDeploymentPostprocessing = 0;
		};
		D4D3B3552194A7710094F38E /* Frameworks */ = {
			isa = PBXFrameworksBuildPhase;
			buildActionMask = 2147483647;
			files = (
			);
			runOnlyForDeploymentPostprocessing = 0;
		};
		D4D3B3602194A7710094F38E /* Frameworks */ = {
			isa = PBXFrameworksBuildPhase;
			buildActionMask = 2147483647;
			files = (
			);
			runOnlyForDeploymentPostprocessing = 0;
		};
/* End PBXFrameworksBuildPhase section */

/* Begin PBXGroup section */
		D4D3B33B2194A7700094F38E = {
			isa = PBXGroup;
			children = (
				D4D3B3462194A7700094F38E /* Smarty */,
				D4D3B35B2194A7710094F38E /* SmartyTests */,
				D4D3B3662194A7710094F38E /* SmartyUITests */,
				D4D3B3452194A7700094F38E /* Products */,
			);
			sourceTree = "<group>";
		};
		D4D3B3452194A7700094F38E /* Products */ = {
			isa = PBXGroup;
			children = (
				D4D3B3442194A7700094F38E /* Smarty.app */,
				D4D3B3582194A7710094F38E /* SmartyTests.xctest */,
				D4D3B3632194A7710094F38E /* SmartyUITests.xctest */,
			);
			name = Products;
			sourceTree = "<group>";
		};
		D4D3B3462194A7700094F38E /* Smarty */ = {
			isa = PBXGroup;
			children = (
				D4D3B3472194A7700094F38E /* AppDelegate.swift */,
				D4D3B3492194A7700094F38E /* ViewController.swift */,
				D4D3B34B2194A7700094F38E /* Main.storyboard */,
				D4D3B34E2194A7710094F38E /* Assets.xcassets */,
				D4D3B3502194A7710094F38E /* LaunchScreen.storyboard */,
				D4D3B3532194A7710094F38E /* Info.plist */,
			);
			path = Smarty;
			sourceTree = "<group>";
		};
		D4D3B35B2194A7710094F38E /* SmartyTests */ = {
			isa = PBXGroup;
			children = (
				D4D3B35C2194A7710094F38E /* SmartyTests.swift */,
				D4D3B35E2194A7710094F38E /* Info.plist */,
			);
			path = SmartyTests;
			sourceTree = "<group>";
		};
		D4D3B3662194A7710094F38E /* SmartyUITests */ = {
			isa = PBXGroup;
			children = (
				D4D3B3672194A7710094F38E /* SmartyUITests.swift */,
				D4D3B3692194A7710094F38E /* Info.plist */,
			);
			path = SmartyUITests;
			sourceTree = "<group>";
		};
/* End PBXGroup section */

/* Begin PBXNativeTarget section */
		D4D3B3432194A7700094F38E /* Smarty */ = {
			isa = PBXNativeTarget;
			buildConfigurationList = D4D3B36C2194A7710094F38E /* Build configuration list for PBXNativeTarget "Smarty" */;
			buildPhases = (
				D4D3B3402194A7700094F38E /* Sources */,
				D4D3B3412194A7700094F38E /* Frameworks */,
				D4D3B3422194A7700094F38E /* Resources */,
			);
			buildRules = (
			);
			dependencies = (
			);
			name = Smarty;
			productName = Smarty;
			productReference = D4D3B3442194A7700094F38E /* Smarty.app */;
			productType = "com.apple.product-type.application";
		};
		D4D3B3572194A7710094F38E /* SmartyTests */ = {
			isa = PBXNativeTarget;
			buildConfigurationList = D4D3B36F2194A7710094F38E /* Build configuration list for PBXNativeTarget "SmartyTests" */;
			buildPhases = (
				D4D3B3542194A7710094F38E /* Sources */,
				D4D3B3552194A7710094F38E /* Frameworks */,
				D4D3B3562194A7710094F38E /* Resources */,
			);
			buildRules = (
			);
			dependencies = (
				D4D3B35A2194A7710094F38E /* PBXTargetDependency */,
			);
			name = SmartyTests;
			productName = SmartyTests;
			productReference = D4D3B3582194A7710094F38E /* SmartyTests.xctest */;
			productType = "com.apple.product-type.bundle.unit-test";
		};
		D4D3B3622194A7710094F38E /* SmartyUITests */ = {
			isa = PBXNativeTarget;
			buildConfigurationList = D4D3B3722194A7710094F38E /* Build configuration list for PBXNativeTarget "SmartyUITests" */;
			buildPhases = (
				D4D3B35F2194A7710094F38E /* Sources */,
				D4D3B3602194A7710094F38E /* Frameworks */,
				D4D3B3612194A7710094F38E /* Resources */,
			);
			buildRules = (
			);
			dependencies = (
				D4D3B3652194A7710094F38E /* PBXTargetDependency */,
			);
			name = SmartyUITests;
			productName = SmartyUITests;
			productReference = D4D3B3632194A7710094F38E /* SmartyUITests.xctest */;
			productType = "com.apple.product-type.bundle.ui-testing";
		};
/* End PBXNativeTarget section */

/* Begin PBXProject section */
		D4D3B33C2194A7700094F38E /* Project object */ = {
			isa = PBXProject;
			attributes = {
				LastSwiftUpdateCheck = 1010;
				LastUpgradeCheck = 1010;
				ORGANIZATIONNAME = Matija;
				TargetAttributes = {
					D4D3B3432194A7700094F38E = {
						CreatedOnToolsVersion = 10.1;
					};
					D4D3B3572194A7710094F38E = {
						CreatedOnToolsVersion = 10.1;
						TestTargetID = D4D3B3432194A7700094F38E;
					};
					D4D3B3622194A7710094F38E = {
						CreatedOnToolsVersion = 10.1;
						TestTargetID = D4D3B3432194A7700094F38E;
					};
				};
			};
			buildConfigurationList = D4D3B33F2194A7700094F38E /* Build configuration list for PBXProject "Smarty" */;
			compatibilityVersion = "Xcode 9.3";
			developmentRegion = en;
			hasScannedForEncodings = 0;
			knownRegions = (
				en,
				Base,
			);
			mainGroup = D4D3B33B2194A7700094F38E;
			productRefGroup = D4D3B3452194A7700094F38E /* Products */;
			projectDirPath = "";
			projectRoot = "";
			targets = (
				D4D3B3432194A7700094F38E /* Smarty */,
				D4D3B3572194A7710094F38E /* SmartyTests */,
				D4D3B3622194A7710094F38E /* SmartyUITests */,
			);
		};
/* End PBXProject section */

/* Begin PBXResourcesBuildPhase section */
		D4D3B3422194A7700094F38E /* Resources */ = {
			isa = PBXResourcesBuildPhase;
			buildActionMask = 2147483647;
			files = (
				D4D3B3522194A7710094F38E /* LaunchScreen.storyboard in Resources */,
				D4D3B34F2194A7710094F38E /* Assets.xcassets in Resources */,
				D4D3B34D2194A7700094F38E /* Main.storyboard in Resources */,
			);
			runOnlyForDeploymentPostprocessing = 0;
		};
		D4D3B3562194A7710094F38E /* Resources */ = {
			isa = PBXResourcesBuildPhase;
			buildActionMask = 2147483647;
			files = (
			);
			runOnlyForDeploymentPostprocessing = 0;
		};
		D4D3B3612194A7710094F38E /* Resources */ = {
			isa = PBXResourcesBuildPhase;
			buildActionMask = 2147483647;
			files = (
			);
			runOnlyForDeploymentPostprocessing = 0;
		};
/* End PBXResourcesBuildPhase section */

/* Begin PBXSourcesBuildPhase section */
		D4D3B3402194A7700094F38E /* Sources */ = {
			isa = PBXSourcesBuildPhase;
			buildActionMask = 2147483647;
			files = (
				D4D3B34A2194A7700094F38E /* ViewController.swift in Sources */,
				D4D3B3482194A7700094F38E /* AppDelegate.swift in Sources */,
			);
			runOnlyForDeploymentPostprocessing = 0;
		};
		D4D3B3542194A7710094F38E /* Sources */ = {
			isa = PBXSourcesBuildPhase;
			buildActionMask = 2147483647;
			files = (
				D4D3B35D2194A7710094F38E /* SmartyTests.swift in Sources */,
			);
			runOnlyForDeploymentPostprocessing = 0;
		};
		D4D3B35F2194A7710094F38E /* Sources */ = {
			isa = PBXSourcesBuildPhase;
			buildActionMask = 2147483647;
			files = (
				D4D3B3682194A7710094F38E /* SmartyUITests.swift in Sources */,
			);
			runOnlyForDeploymentPostprocessing = 0;
		};
/* End PBXSourcesBuildPhase section */

/* Begin PBXTargetDependency section */
		D4D3B35A2194A7710094F38E /* PBXTargetDependency */ = {
			isa = PBXTargetDependency;
			target = D4D3B3432194A7700094F38E /* Smarty */;
			targetProxy = D4D3B3592194A7710094F38E /* PBXContainerItemProxy */;
		};
		D4D3B3652194A7710094F38E /* PBXTargetDependency */ = {
			isa = PBXTargetDependency;
			target = D4D3B3432194A7700094F38E /* Smarty */;
			targetProxy = D4D3B3642194A7710094F38E /* PBXContainerItemProxy */;
		};
/* End PBXTargetDependency section */

/* Begin PBXVariantGroup section */
		D4D3B34B2194A7700094F38E /* Main.storyboard */ = {
			isa = PBXVariantGroup;
			children = (
				D4D3B34C2194A7700094F38E /* Base */,
			);
			name = Main.storyboard;
			sourceTree = "<group>";
		};
		D4D3B3502194A7710094F38E /* LaunchScreen.storyboard */ = {
			isa = PBXVariantGroup;
			children = (
				D4D3B3512194A7710094F38E /* Base */,
			);
			name = LaunchScreen.storyboard;
			sourceTree = "<group>";
		};
/* End PBXVariantGroup section */

/* Begin XCBuildConfiguration section */
		D4D3B36A2194A7710094F38E /* Debug */ = {
			isa = XCBuildConfiguration;
			buildSettings = {
				ALWAYS_SEARCH_USER_PATHS = NO;
				CLANG_ANALYZER_NONNULL = YES;
				CLANG_ANALYZER_NUMBER_OBJECT_CONVERSION = YES_AGGRESSIVE;
				CLANG_CXX_LANGUAGE_STANDARD = "gnu++14";
				CLANG_CXX_LIBRARY = "libc++";
				CLANG_ENABLE_MODULES = YES;
				CLANG_ENABLE_OBJC_ARC = YES;
				CLANG_ENABLE_OBJC_WEAK = YES;
				CLANG_WARN_BLOCK_CAPTURE_AUTORELEASING = YES;
				CLANG_WARN_BOOL_CONVERSION = YES;
				CLANG_WARN_COMMA = YES;
				CLANG_WARN_CONSTANT_CONVERSION = YES;
				CLANG_WARN_DEPRECATED_OBJC_IMPLEMENTATIONS = YES;
				CLANG_WARN_DIRECT_OBJC_ISA_USAGE = YES_ERROR;
				CLANG_WARN_DOCUMENTATION_COMMENTS = YES;
				CLANG_WARN_EMPTY_BODY = YES;
				CLANG_WARN_ENUM_CONVERSION = YES;
				CLANG_WARN_INFINITE_RECURSION = YES;
				CLANG_WARN_INT_CONVERSION = YES;
				CLANG_WARN_NON_LITERAL_NULL_CONVERSION = YES;
				CLANG_WARN_OBJC_IMPLICIT_RETAIN_SELF = YES;
				CLANG_WARN_OBJC_LITERAL_CONVERSION = YES;
				CLANG_WARN_OBJC_ROOT_CLASS = YES_ERROR;
				CLANG_WARN_RANGE_LOOP_ANALYSIS = YES;
				CLANG_WARN_STRICT_PROTOTYPES = YES;
				CLANG_WARN_SUSPICIOUS_MOVE = YES;
				CLANG_WARN_UNGUARDED_AVAILABILITY = YES_AGGRESSIVE;
				CLANG_WARN_UNREACHABLE_CODE = YES;
				CLANG_WARN__DUPLICATE_METHOD_MATCH = YES;
				CODE_SIGN_IDENTITY = "iPhone Developer";
				COPY_PHASE_STRIP = NO;
				DEBUG_INFORMATION_FORMAT = dwarf;
				ENABLE_STRICT_OBJC_MSGSEND = YES;
				ENABLE_TESTABILITY = YES;
				GCC_C_LANGUAGE_STANDARD = gnu11;
				GCC_DYNAMIC_NO_PIC = NO;
				GCC_NO_COMMON_BLOCKS = YES;
				GCC_OPTIMIZATION_LEVEL = 0;
				GCC_PREPROCESSOR_DEFINITIONS = (
					"DEBUG=1",
					"$(inherited)",
				);
				GCC_WARN_64_TO_32_BIT_CONVERSION = YES;
				GCC_WARN_ABOUT_RETURN_TYPE = YES_ERROR;
				GCC_WARN_UNDECLARED_SELECTOR = YES;
				GCC_WARN_UNINITIALIZED_AUTOS = YES_AGGRESSIVE;
				GCC_WARN_UNUSED_FUNCTION = YES;
				GCC_WARN_UNUSED_VARIABLE = YES;
				IPHONEOS_DEPLOYMENT_TARGET = 12.1;
				MTL_ENABLE_DEBUG_INFO = INCLUDE_SOURCE;
				MTL_FAST_MATH = YES;
				ONLY_ACTIVE_ARCH = YES;
				SDKROOT = iphoneos;
				SWIFT_ACTIVE_COMPILATION_CONDITIONS = DEBUG;
				SWIFT_OPTIMIZATION_LEVEL = "-Onone";
			};
			name = Debug;
		};
		D4D3B36B2194A7710094F38E /* Release */ = {
			isa = XCBuildConfiguration;
			buildSettings = {
				ALWAYS_SEARCH_USER_PATHS = NO;
				CLANG_ANALYZER_NONNULL = YES;
				CLANG_ANALYZER_NUMBER_OBJECT_CONVERSION = YES_AGGRESSIVE;
				CLANG_CXX_LANGUAGE_STANDARD = "gnu++14";
				CLANG_CXX_LIBRARY = "libc++";
				CLANG_ENABLE_MODULES = YES;
				CLANG_ENABLE_OBJC_ARC = YES;
				CLANG_ENABLE_OBJC_WEAK = YES;
				CLANG_WARN_BLOCK_CAPTURE_AUTORELEASING = YES;
				CLANG_WARN_BOOL_CONVERSION = YES;
				CLANG_WARN_COMMA = YES;
				CLANG_WARN_CONSTANT_CONVERSION = YES;
				CLANG_WARN_DEPRECATED_OBJC_IMPLEMENTATIONS = YES;
				CLANG_WARN_DIRECT_OBJC_ISA_USAGE = YES_ERROR;
				CLANG_WARN_DOCUMENTATION_COMMENTS = YES;
				CLANG_WARN_EMPTY_BODY = YES;
				CLANG_WARN_ENUM_CONVERSION = YES;
				CLANG_WARN_INFINITE_RECURSION = YES;
				CLANG_WARN_INT_CONVERSION = YES;
				CLANG_WARN_NON_LITERAL_NULL_CONVERSION = YES;
				CLANG_WARN_OBJC_IMPLICIT_RETAIN_SELF = YES;
				CLANG_WARN_OBJC_LITERAL_CONVERSION = YES;
				CLANG_WARN_OBJC_ROOT_CLASS = YES_ERROR;
				CLANG_WARN_RANGE_LOOP_ANALYSIS = YES;
				CLANG_WARN_STRICT_PROTOTYPES = YES;
				CLANG_WARN_SUSPICIOUS_MOVE = YES;
				CLANG_WARN_UNGUARDED_AVAILABILITY = YES_AGGRESSIVE;
				CLANG_WARN_UNREACHABLE_CODE = YES;
				CLANG_WARN__DUPLICATE_METHOD_MATCH = YES;
				CODE_SIGN_IDENTITY = "iPhone Developer";
				COPY_PHASE_STRIP = NO;
				DEBUG_INFORMATION_FORMAT = "dwarf-with-dsym";
				ENABLE_NS_ASSERTIONS = NO;
				ENABLE_STRICT_OBJC_MSGSEND = YES;
				GCC_C_LANGUAGE_STANDARD = gnu11;
				GCC_NO_COMMON_BLOCKS = YES;
				GCC_WARN_64_TO_32_BIT_CONVERSION = YES;
				GCC_WARN_ABOUT_RETURN_TYPE = YES_ERROR;
				GCC_WARN_UNDECLARED_SELECTOR = YES;
				GCC_WARN_UNINITIALIZED_AUTOS = YES_AGGRESSIVE;
				GCC_WARN_UNUSED_FUNCTION = YES;
				GCC_WARN_UNUSED_VARIABLE = YES;
				IPHONEOS_DEPLOYMENT_TARGET = 12.1;
				MTL_ENABLE_DEBUG_INFO = NO;
				MTL_FAST_MATH = YES;
				SDKROOT = iphoneos;
				SWIFT_COMPILATION_MODE = wholemodule;
				SWIFT_OPTIMIZATION_LEVEL = "-O";
				VALIDATE_PRODUCT = YES;
			};
			name = Release;
		};
		D4D3B36D2194A7710094F38E /* Debug */ = {
			isa = XCBuildConfiguration;
			buildSettings = {
				ASSETCATALOG_COMPILER_APPICON_NAME = AppIcon;
				CODE_SIGN_STYLE = Automatic;
				INFOPLIST_FILE = Smarty/Info.plist;
				LD_RUNPATH_SEARCH_PATHS = (
					"$(inherited)",
					"@executable_path/Frameworks",
				);
				PRODUCT_BUNDLE_IDENTIFIER = foi.Smarty;
				PRODUCT_NAME = "$(TARGET_NAME)";
				SWIFT_VERSION = 4.2;
				TARGETED_DEVICE_FAMILY = "1,2";
			};
			name = Debug;
		};
		D4D3B36E2194A7710094F38E /* Release */ = {
			isa = XCBuildConfiguration;
			buildSettings = {
				ASSETCATALOG_COMPILER_APPICON_NAME = AppIcon;
				CODE_SIGN_STYLE = Automatic;
				INFOPLIST_FILE = Smarty/Info.plist;
				LD_RUNPATH_SEARCH_PATHS = (
					"$(inherited)",
					"@executable_path/Frameworks",
				);
				PRODUCT_BUNDLE_IDENTIFIER = foi.Smarty;
				PRODUCT_NAME = "$(TARGET_NAME)";
				SWIFT_VERSION = 4.2;
				TARGETED_DEVICE_FAMILY = "1,2";
			};
			name = Release;
		};
		D4D3B3702194A7710094F38E /* Debug */ = {
			isa = XCBuildConfiguration;
			buildSettings = {
				ALWAYS_EMBED_SWIFT_STANDARD_LIBRARIES = YES;
				BUNDLE_LOADER = "$(TEST_HOST)";
				CODE_SIGN_STYLE = Automatic;
				INFOPLIST_FILE = SmartyTests/Info.plist;
				LD_RUNPATH_SEARCH_PATHS = (
					"$(inherited)",
					"@executable_path/Frameworks",
					"@loader_path/Frameworks",
				);
				PRODUCT_BUNDLE_IDENTIFIER = foi.SmartyTests;
				PRODUCT_NAME = "$(TARGET_NAME)";
				SWIFT_VERSION = 4.2;
				TARGETED_DEVICE_FAMILY = "1,2";
				TEST_HOST = "$(BUILT_PRODUCTS_DIR)/Smarty.app/Smarty";
			};
			name = Debug;
		};
		D4D3B3712194A7710094F38E /* Release */ = {
			isa = XCBuildConfiguration;
			buildSettings = {
				ALWAYS_EMBED_SWIFT_STANDARD_LIBRARIES = YES;
				BUNDLE_LOADER = "$(TEST_HOST)";
				CODE_SIGN_STYLE = Automatic;
				INFOPLIST_FILE = SmartyTests/Info.plist;
				LD_RUNPATH_SEARCH_PATHS = (
					"$(inherited)",
					"@executable_path/Frameworks",
					"@loader_path/Frameworks",
				);
				PRODUCT_BUNDLE_IDENTIFIER = foi.SmartyTests;
				PRODUCT_NAME = "$(TARGET_NAME)";
				SWIFT_VERSION = 4.2;
				TARGETED_DEVICE_FAMILY = "1,2";
				TEST_HOST = "$(BUILT_PRODUCTS_DIR)/Smarty.app/Smarty";
			};
			name = Release;
		};
		D4D3B3732194A7710094F38E /* Debug */ = {
			isa = XCBuildConfiguration;
			buildSettings = {
				ALWAYS_EMBED_SWIFT_STANDARD_LIBRARIES = YES;
				CODE_SIGN_STYLE = Automatic;
				INFOPLIST_FILE = SmartyUITests/Info.plist;
				LD_RUNPATH_SEARCH_PATHS = (
					"$(inherited)",
					"@executable_path/Frameworks",
					"@loader_path/Frameworks",
				);
				PRODUCT_BUNDLE_IDENTIFIER = foi.SmartyUITests;
				PRODUCT_NAME = "$(TARGET_NAME)";
				SWIFT_VERSION = 4.2;
				TARGETED_DEVICE_FAMILY = "1,2";
				TEST_TARGET_NAME = Smarty;
			};
			name = Debug;
		};
		D4D3B3742194A7710094F38E /* Release */ = {
			isa = XCBuildConfiguration;
			buildSettings = {
				ALWAYS_EMBED_SWIFT_STANDARD_LIBRARIES = YES;
				CODE_SIGN_STYLE = Automatic;
				INFOPLIST_FILE = SmartyUITests/Info.plist;
				LD_RUNPATH_SEARCH_PATHS = (
					"$(inherited)",
					"@executable_path/Frameworks",
					"@loader_path/Frameworks",
				);
				PRODUCT_BUNDLE_IDENTIFIER = foi.SmartyUITests;
				PRODUCT_NAME = "$(TARGET_NAME)";
				SWIFT_VERSION = 4.2;
				TARGETED_DEVICE_FAMILY = "1,2";
				TEST_TARGET_NAME = Smarty;
			};
			name = Release;
		};
/* End XCBuildConfiguration section */

/* Begin XCConfigurationList section */
		D4D3B33F2194A7700094F38E /* Build configuration list for PBXProject "Smarty" */ = {
			isa = XCConfigurationList;
			buildConfigurations = (
				D4D3B36A2194A7710094F38E /* Debug */,
				D4D3B36B2194A7710094F38E /* Release */,
			);
			defaultConfigurationIsVisible = 0;
			defaultConfigurationName = Release;
		};
		D4D3B36C2194A7710094F38E /* Build configuration list for PBXNativeTarget "Smarty" */ = {
			isa = XCConfigurationList;
			buildConfigurations = (
				D4D3B36D2194A7710094F38E /* Debug */,
				D4D3B36E2194A7710094F38E /* Release */,
			);
			defaultConfigurationIsVisible = 0;
			defaultConfigurationName = Release;
		};
		D4D3B36F2194A7710094F38E /* Build configuration list for PBXNativeTarget "SmartyTests" */ = {
			isa = XCConfigurationList;
			buildConfigurations = (
				D4D3B3702194A7710094F38E /* Debug */,
				D4D3B3712194A7710094F38E /* Release */,
			);
			defaultConfigurationIsVisible = 0;
			defaultConfigurationName = Release;
		};
		D4D3B3722194A7710094F38E /* Build configuration list for PBXNativeTarget "SmartyUITests" */ = {
			isa = XCConfigurationList;
			buildConfigurations = (
				D4D3B3732194A7710094F38E /* Debug */,
				D4D3B3742194A7710094F38E /* Release */,
			);
			defaultConfigurationIsVisible = 0;
			defaultConfigurationName = Release;
		};
/* End XCConfigurationList section */
	};
	rootObject = D4D3B33C2194A7700094F38E /* Project object */;
}
