// !$*UTF8*$!
{
	archiveVersion = 1;
	classes = {
	};
	objectVersion = 50;
	objects = {

/* Begin PBXBuildFile section */
		D46FA1172195E8F70045C914 /* Main.storyboard in Resources */ = {isa = PBXBuildFile; fileRef = D46FA1162195E8F70045C914 /* Main.storyboard */; };
		D48F728F2194B11E00E8DAE9 /* AppDelegate.swift in Sources */ = {isa = PBXBuildFile; fileRef = D48F728E2194B11E00E8DAE9 /* AppDelegate.swift */; };
		D48F72912194B11E00E8DAE9 /* ViewController.swift in Sources */ = {isa = PBXBuildFile; fileRef = D48F72902194B11E00E8DAE9 /* ViewController.swift */; };
		D48F72962194B11F00E8DAE9 /* Assets.xcassets in Resources */ = {isa = PBXBuildFile; fileRef = D48F72952194B11F00E8DAE9 /* Assets.xcassets */; };
		D48F72992194B11F00E8DAE9 /* LaunchScreen.storyboard in Resources */ = {isa = PBXBuildFile; fileRef = D48F72972194B11F00E8DAE9 /* LaunchScreen.storyboard */; };
		D48F72A42194B11F00E8DAE9 /* SmartyTests.swift in Sources */ = {isa = PBXBuildFile; fileRef = D48F72A32194B11F00E8DAE9 /* SmartyTests.swift */; };
		D48F72AF2194B11F00E8DAE9 /* SmartyUITests.swift in Sources */ = {isa = PBXBuildFile; fileRef = D48F72AE2194B11F00E8DAE9 /* SmartyUITests.swift */; };
		D4CF25DC21F67DBD00B30A61 /* SignInViewController.swift in Sources */ = {isa = PBXBuildFile; fileRef = D4CF25DB21F67DBD00B30A61 /* SignInViewController.swift */; };
		D4CF25DE21F685C300B30A61 /* LoggedInViewController.swift in Sources */ = {isa = PBXBuildFile; fileRef = D4CF25DD21F685C300B30A61 /* LoggedInViewController.swift */; };
		D4CF25E021F729C100B30A61 /* MainChartViewController.swift in Sources */ = {isa = PBXBuildFile; fileRef = D4CF25DF21F729C100B30A61 /* MainChartViewController.swift */; };
		D4CF262721F72C1100B30A61 /* AAJSFiles.bundle in Resources */ = {isa = PBXBuildFile; fileRef = D4CF25E221F72C1100B30A61 /* AAJSFiles.bundle */; };
		D4CF262821F72C1100B30A61 /* AAAreaspline.m in Sources */ = {isa = PBXBuildFile; fileRef = D4CF25E521F72C1100B30A61 /* AAAreaspline.m */; };
		D4CF262921F72C1100B30A61 /* AALabels.m in Sources */ = {isa = PBXBuildFile; fileRef = D4CF25E721F72C1100B30A61 /* AALabels.m */; };
		D4CF262A21F72C1100B30A61 /* AASeries.m in Sources */ = {isa = PBXBuildFile; fileRef = D4CF25EA21F72C1100B30A61 /* AASeries.m */; };
		D4CF262B21F72C1100B30A61 /* AAXAxis.m in Sources */ = {isa = PBXBuildFile; fileRef = D4CF25EB21F72C1100B30A61 /* AAXAxis.m */; };
		D4CF262C21F72C1100B30A61 /* AAPlotOptions.m in Sources */ = {isa = PBXBuildFile; fileRef = D4CF25EC21F72C1100B30A61 /* AAPlotOptions.m */; };
		D4CF262D21F72C1100B30A61 /* AADataLabels.m in Sources */ = {isa = PBXBuildFile; fileRef = D4CF25ED21F72C1100B30A61 /* AADataLabels.m */; };
		D4CF262E21F72C1100B30A61 /* AAPlotBandsElement.m in Sources */ = {isa = PBXBuildFile; fileRef = D4CF25EE21F72C1100B30A61 /* AAPlotBandsElement.m */; };
		D4CF262F21F72C1100B30A61 /* AALine.m in Sources */ = {isa = PBXBuildFile; fileRef = D4CF25EF21F72C1100B30A61 /* AALine.m */; };
		D4CF263021F72C1100B30A61 /* AATooltip.m in Sources */ = {isa = PBXBuildFile; fileRef = D4CF25F221F72C1100B30A61 /* AATooltip.m */; };
		D4CF263121F72C1100B30A61 /* AASubtitle.m in Sources */ = {isa = PBXBuildFile; fileRef = D4CF25F521F72C1100B30A61 /* AASubtitle.m */; };
		D4CF263221F72C1100B30A61 /* AAYAxis.m in Sources */ = {isa = PBXBuildFile; fileRef = D4CF25F621F72C1100B30A61 /* AAYAxis.m */; };
		D4CF263321F72C1100B30A61 /* AACrosshair.m in Sources */ = {isa = PBXBuildFile; fileRef = D4CF25F721F72C1100B30A61 /* AACrosshair.m */; };
		D4CF263421F72C1100B30A61 /* AAColumn.m in Sources */ = {isa = PBXBuildFile; fileRef = D4CF25FC21F72C1100B30A61 /* AAColumn.m */; };
		D4CF263521F72C1100B30A61 /* AAPlotLinesElement.m in Sources */ = {isa = PBXBuildFile; fileRef = D4CF25FD21F72C1100B30A61 /* AAPlotLinesElement.m */; };
		D4CF263621F72C1100B30A61 /* AAStyle.m in Sources */ = {isa = PBXBuildFile; fileRef = D4CF260021F72C1100B30A61 /* AAStyle.m */; };
		D4CF263721F72C1100B30A61 /* AABar.m in Sources */ = {isa = PBXBuildFile; fileRef = D4CF260121F72C1100B30A61 /* AABar.m */; };
		D4CF263821F72C1100B30A61 /* AATitle.m in Sources */ = {isa = PBXBuildFile; fileRef = D4CF260221F72C1100B30A61 /* AATitle.m */; };
		D4CF263921F72C1100B30A61 /* AAArea.m in Sources */ = {isa = PBXBuildFile; fileRef = D4CF260521F72C1100B30A61 /* AAArea.m */; };
		D4CF263A21F72C1100B30A61 /* AAAnimation.m in Sources */ = {isa = PBXBuildFile; fileRef = D4CF260621F72C1100B30A61 /* AAAnimation.m */; };
		D4CF263B21F72C1100B30A61 /* AALabel.m in Sources */ = {isa = PBXBuildFile; fileRef = D4CF260721F72C1100B30A61 /* AALabel.m */; };
		D4CF263C21F72C1200B30A61 /* AALegend.m in Sources */ = {isa = PBXBuildFile; fileRef = D4CF260821F72C1100B30A61 /* AALegend.m */; };
		D4CF263D21F72C1200B30A61 /* AAMarker.m in Sources */ = {isa = PBXBuildFile; fileRef = D4CF260A21F72C1100B30A61 /* AAMarker.m */; };
		D4CF263E21F72C1200B30A61 /* AASpline.m in Sources */ = {isa = PBXBuildFile; fileRef = D4CF260F21F72C1100B30A61 /* AASpline.m */; };
		D4CF263F21F72C1200B30A61 /* AAItemStyle.m in Sources */ = {isa = PBXBuildFile; fileRef = D4CF261021F72C1100B30A61 /* AAItemStyle.m */; };
		D4CF264021F72C1200B30A61 /* AAPie.m in Sources */ = {isa = PBXBuildFile; fileRef = D4CF261121F72C1100B30A61 /* AAPie.m */; };
		D4CF264121F72C1200B30A61 /* AAChart.m in Sources */ = {isa = PBXBuildFile; fileRef = D4CF261721F72C1100B30A61 /* AAChart.m */; };
		D4CF264221F72C1200B30A61 /* AAChartView.m in Sources */ = {isa = PBXBuildFile; fileRef = D4CF261A21F72C1100B30A61 /* AAChartView.m */; };
		D4CF264321F72C1200B30A61 /* AAChartModel.m in Sources */ = {isa = PBXBuildFile; fileRef = D4CF261F21F72C1100B30A61 /* AAChartModel.m */; };
		D4CF264421F72C1200B30A61 /* AAOptions.m in Sources */ = {isa = PBXBuildFile; fileRef = D4CF262121F72C1100B30A61 /* AAOptions.m */; };
		D4CF264521F72C1200B30A61 /* AASeriesElement.m in Sources */ = {isa = PBXBuildFile; fileRef = D4CF262221F72C1100B30A61 /* AASeriesElement.m */; };
		D4CF264621F72C1200B30A61 /* AAColor.m in Sources */ = {isa = PBXBuildFile; fileRef = D4CF262421F72C1100B30A61 /* AAColor.m */; };
		D4CF264721F72C1200B30A61 /* AAGradientColor.m in Sources */ = {isa = PBXBuildFile; fileRef = D4CF262521F72C1100B30A61 /* AAGradientColor.m */; };
/* End PBXBuildFile section */

/* Begin PBXContainerItemProxy section */
		D48F72A02194B11F00E8DAE9 /* PBXContainerItemProxy */ = {
			isa = PBXContainerItemProxy;
			containerPortal = D48F72832194B11E00E8DAE9 /* Project object */;
			proxyType = 1;
			remoteGlobalIDString = D48F728A2194B11E00E8DAE9;
			remoteInfo = Smarty;
		};
		D48F72AB2194B11F00E8DAE9 /* PBXContainerItemProxy */ = {
			isa = PBXContainerItemProxy;
			containerPortal = D48F72832194B11E00E8DAE9 /* Project object */;
			proxyType = 1;
			remoteGlobalIDString = D48F728A2194B11E00E8DAE9;
			remoteInfo = Smarty;
		};
/* End PBXContainerItemProxy section */

/* Begin PBXFileReference section */
		D46FA1162195E8F70045C914 /* Main.storyboard */ = {isa = PBXFileReference; fileEncoding = 4; lastKnownFileType = file.storyboard; path = Main.storyboard; sourceTree = "<group>"; };
		D48F728B2194B11E00E8DAE9 /* Smarty.app */ = {isa = PBXFileReference; explicitFileType = wrapper.application; includeInIndex = 0; path = Smarty.app; sourceTree = BUILT_PRODUCTS_DIR; };
		D48F728E2194B11E00E8DAE9 /* AppDelegate.swift */ = {isa = PBXFileReference; lastKnownFileType = sourcecode.swift; path = AppDelegate.swift; sourceTree = "<group>"; };
		D48F72902194B11E00E8DAE9 /* ViewController.swift */ = {isa = PBXFileReference; lastKnownFileType = sourcecode.swift; path = ViewController.swift; sourceTree = "<group>"; };
		D48F72952194B11F00E8DAE9 /* Assets.xcassets */ = {isa = PBXFileReference; lastKnownFileType = folder.assetcatalog; path = Assets.xcassets; sourceTree = "<group>"; };
		D48F72982194B11F00E8DAE9 /* Base */ = {isa = PBXFileReference; lastKnownFileType = file.storyboard; name = Base; path = Base.lproj/LaunchScreen.storyboard; sourceTree = "<group>"; };
		D48F729A2194B11F00E8DAE9 /* Info.plist */ = {isa = PBXFileReference; lastKnownFileType = text.plist.xml; path = Info.plist; sourceTree = "<group>"; };
		D48F729F2194B11F00E8DAE9 /* SmartyTests.xctest */ = {isa = PBXFileReference; explicitFileType = wrapper.cfbundle; includeInIndex = 0; path = SmartyTests.xctest; sourceTree = BUILT_PRODUCTS_DIR; };
		D48F72A32194B11F00E8DAE9 /* SmartyTests.swift */ = {isa = PBXFileReference; lastKnownFileType = sourcecode.swift; path = SmartyTests.swift; sourceTree = "<group>"; };
		D48F72A52194B11F00E8DAE9 /* Info.plist */ = {isa = PBXFileReference; lastKnownFileType = text.plist.xml; path = Info.plist; sourceTree = "<group>"; };
		D48F72AA2194B11F00E8DAE9 /* SmartyUITests.xctest */ = {isa = PBXFileReference; explicitFileType = wrapper.cfbundle; includeInIndex = 0; path = SmartyUITests.xctest; sourceTree = BUILT_PRODUCTS_DIR; };
		D48F72AE2194B11F00E8DAE9 /* SmartyUITests.swift */ = {isa = PBXFileReference; lastKnownFileType = sourcecode.swift; path = SmartyUITests.swift; sourceTree = "<group>"; };
		D48F72B02194B11F00E8DAE9 /* Info.plist */ = {isa = PBXFileReference; lastKnownFileType = text.plist.xml; path = Info.plist; sourceTree = "<group>"; };
		D4CF25DB21F67DBD00B30A61 /* SignInViewController.swift */ = {isa = PBXFileReference; lastKnownFileType = sourcecode.swift; path = SignInViewController.swift; sourceTree = "<group>"; };
		D4CF25DD21F685C300B30A61 /* LoggedInViewController.swift */ = {isa = PBXFileReference; lastKnownFileType = sourcecode.swift; path = LoggedInViewController.swift; sourceTree = "<group>"; };
		D4CF25DF21F729C100B30A61 /* MainChartViewController.swift */ = {isa = PBXFileReference; lastKnownFileType = sourcecode.swift; path = MainChartViewController.swift; sourceTree = "<group>"; };
		D4CF25E221F72C1100B30A61 /* AAJSFiles.bundle */ = {isa = PBXFileReference; lastKnownFileType = "wrapper.plug-in"; path = AAJSFiles.bundle; sourceTree = "<group>"; };
		D4CF25E421F72C1100B30A61 /* AAArea.h */ = {isa = PBXFileReference; fileEncoding = 4; lastKnownFileType = sourcecode.c.h; path = AAArea.h; sourceTree = "<group>"; };
		D4CF25E521F72C1100B30A61 /* AAAreaspline.m */ = {isa = PBXFileReference; fileEncoding = 4; lastKnownFileType = sourcecode.c.objc; path = AAAreaspline.m; sourceTree = "<group>"; };
		D4CF25E621F72C1100B30A61 /* AATitle.h */ = {isa = PBXFileReference; fileEncoding = 4; lastKnownFileType = sourcecode.c.h; path = AATitle.h; sourceTree = "<group>"; };
		D4CF25E721F72C1100B30A61 /* AALabels.m */ = {isa = PBXFileReference; fileEncoding = 4; lastKnownFileType = sourcecode.c.objc; path = AALabels.m; sourceTree = "<group>"; };
		D4CF25E821F72C1100B30A61 /* AAStyle.h */ = {isa = PBXFileReference; fileEncoding = 4; lastKnownFileType = sourcecode.c.h; path = AAStyle.h; sourceTree = "<group>"; };
		D4CF25E921F72C1100B30A61 /* AABar.h */ = {isa = PBXFileReference; fileEncoding = 4; lastKnownFileType = sourcecode.c.h; path = AABar.h; sourceTree = "<group>"; };
		D4CF25EA21F72C1100B30A61 /* AASeries.m */ = {isa = PBXFileReference; fileEncoding = 4; lastKnownFileType = sourcecode.c.objc; path = AASeries.m; sourceTree = "<group>"; };
		D4CF25EB21F72C1100B30A61 /* AAXAxis.m */ = {isa = PBXFileReference; fileEncoding = 4; lastKnownFileType = sourcecode.c.objc; path = AAXAxis.m; sourceTree = "<group>"; };
		D4CF25EC21F72C1100B30A61 /* AAPlotOptions.m */ = {isa = PBXFileReference; fileEncoding = 4; lastKnownFileType = sourcecode.c.objc; path = AAPlotOptions.m; sourceTree = "<group>"; };
		D4CF25ED21F72C1100B30A61 /* AADataLabels.m */ = {isa = PBXFileReference; fileEncoding = 4; lastKnownFileType = sourcecode.c.objc; path = AADataLabels.m; sourceTree = "<group>"; };
		D4CF25EE21F72C1100B30A61 /* AAPlotBandsElement.m */ = {isa = PBXFileReference; fileEncoding = 4; lastKnownFileType = sourcecode.c.objc; path = AAPlotBandsElement.m; sourceTree = "<group>"; };
		D4CF25EF21F72C1100B30A61 /* AALine.m */ = {isa = PBXFileReference; fileEncoding = 4; lastKnownFileType = sourcecode.c.objc; path = AALine.m; sourceTree = "<group>"; };
		D4CF25F021F72C1100B30A61 /* AAMarker.h */ = {isa = PBXFileReference; fileEncoding = 4; lastKnownFileType = sourcecode.c.h; path = AAMarker.h; sourceTree = "<group>"; };
		D4CF25F121F72C1100B30A61 /* AALegend.h */ = {isa = PBXFileReference; fileEncoding = 4; lastKnownFileType = sourcecode.c.h; path = AALegend.h; sourceTree = "<group>"; };
		D4CF25F221F72C1100B30A61 /* AATooltip.m */ = {isa = PBXFileReference; fileEncoding = 4; lastKnownFileType = sourcecode.c.objc; path = AATooltip.m; sourceTree = "<group>"; };
		D4CF25F321F72C1100B30A61 /* AALabel.h */ = {isa = PBXFileReference; fileEncoding = 4; lastKnownFileType = sourcecode.c.h; path = AALabel.h; sourceTree = "<group>"; };
		D4CF25F421F72C1100B30A61 /* AAAnimation.h */ = {isa = PBXFileReference; fileEncoding = 4; lastKnownFileType = sourcecode.c.h; path = AAAnimation.h; sourceTree = "<group>"; };
		D4CF25F521F72C1100B30A61 /* AASubtitle.m */ = {isa = PBXFileReference; fileEncoding = 4; lastKnownFileType = sourcecode.c.objc; path = AASubtitle.m; sourceTree = "<group>"; };
		D4CF25F621F72C1100B30A61 /* AAYAxis.m */ = {isa = PBXFileReference; fileEncoding = 4; lastKnownFileType = sourcecode.c.objc; path = AAYAxis.m; sourceTree = "<group>"; };
		D4CF25F721F72C1100B30A61 /* AACrosshair.m */ = {isa = PBXFileReference; fileEncoding = 4; lastKnownFileType = sourcecode.c.objc; path = AACrosshair.m; sourceTree = "<group>"; };
		D4CF25F821F72C1100B30A61 /* AAPie.h */ = {isa = PBXFileReference; fileEncoding = 4; lastKnownFileType = sourcecode.c.h; path = AAPie.h; sourceTree = "<group>"; };
		D4CF25F921F72C1100B30A61 /* AAItemStyle.h */ = {isa = PBXFileReference; fileEncoding = 4; lastKnownFileType = sourcecode.c.h; path = AAItemStyle.h; sourceTree = "<group>"; };
		D4CF25FA21F72C1100B30A61 /* AASpline.h */ = {isa = PBXFileReference; fileEncoding = 4; lastKnownFileType = sourcecode.c.h; path = AASpline.h; sourceTree = "<group>"; };
		D4CF25FB21F72C1100B30A61 /* AAChart.h */ = {isa = PBXFileReference; fileEncoding = 4; lastKnownFileType = sourcecode.c.h; path = AAChart.h; sourceTree = "<group>"; };
		D4CF25FC21F72C1100B30A61 /* AAColumn.m */ = {isa = PBXFileReference; fileEncoding = 4; lastKnownFileType = sourcecode.c.objc; path = AAColumn.m; sourceTree = "<group>"; };
		D4CF25FD21F72C1100B30A61 /* AAPlotLinesElement.m */ = {isa = PBXFileReference; fileEncoding = 4; lastKnownFileType = sourcecode.c.objc; path = AAPlotLinesElement.m; sourceTree = "<group>"; };
		D4CF25FE21F72C1100B30A61 /* AAXAxis.h */ = {isa = PBXFileReference; fileEncoding = 4; lastKnownFileType = sourcecode.c.h; path = AAXAxis.h; sourceTree = "<group>"; };
		D4CF25FF21F72C1100B30A61 /* AASeries.h */ = {isa = PBXFileReference; fileEncoding = 4; lastKnownFileType = sourcecode.c.h; path = AASeries.h; sourceTree = "<group>"; };
		D4CF260021F72C1100B30A61 /* AAStyle.m */ = {isa = PBXFileReference; fileEncoding = 4; lastKnownFileType = sourcecode.c.objc; path = AAStyle.m; sourceTree = "<group>"; };
		D4CF260121F72C1100B30A61 /* AABar.m */ = {isa = PBXFileReference; fileEncoding = 4; lastKnownFileType = sourcecode.c.objc; path = AABar.m; sourceTree = "<group>"; };
		D4CF260221F72C1100B30A61 /* AATitle.m */ = {isa = PBXFileReference; fileEncoding = 4; lastKnownFileType = sourcecode.c.objc; path = AATitle.m; sourceTree = "<group>"; };
		D4CF260321F72C1100B30A61 /* AALabels.h */ = {isa = PBXFileReference; fileEncoding = 4; lastKnownFileType = sourcecode.c.h; path = AALabels.h; sourceTree = "<group>"; };
		D4CF260421F72C1100B30A61 /* AAAreaspline.h */ = {isa = PBXFileReference; fileEncoding = 4; lastKnownFileType = sourcecode.c.h; path = AAAreaspline.h; sourceTree = "<group>"; };
		D4CF260521F72C1100B30A61 /* AAArea.m */ = {isa = PBXFileReference; fileEncoding = 4; lastKnownFileType = sourcecode.c.objc; path = AAArea.m; sourceTree = "<group>"; };
		D4CF260621F72C1100B30A61 /* AAAnimation.m */ = {isa = PBXFileReference; fileEncoding = 4; lastKnownFileType = sourcecode.c.objc; path = AAAnimation.m; sourceTree = "<group>"; };
		D4CF260721F72C1100B30A61 /* AALabel.m */ = {isa = PBXFileReference; fileEncoding = 4; lastKnownFileType = sourcecode.c.objc; path = AALabel.m; sourceTree = "<group>"; };
		D4CF260821F72C1100B30A61 /* AALegend.m */ = {isa = PBXFileReference; fileEncoding = 4; lastKnownFileType = sourcecode.c.objc; path = AALegend.m; sourceTree = "<group>"; };
		D4CF260921F72C1100B30A61 /* AATooltip.h */ = {isa = PBXFileReference; fileEncoding = 4; lastKnownFileType = sourcecode.c.h; path = AATooltip.h; sourceTree = "<group>"; };
		D4CF260A21F72C1100B30A61 /* AAMarker.m */ = {isa = PBXFileReference; fileEncoding = 4; lastKnownFileType = sourcecode.c.objc; path = AAMarker.m; sourceTree = "<group>"; };
		D4CF260B21F72C1100B30A61 /* AALine.h */ = {isa = PBXFileReference; fileEncoding = 4; lastKnownFileType = sourcecode.c.h; path = AALine.h; sourceTree = "<group>"; };
		D4CF260C21F72C1100B30A61 /* AAPlotBandsElement.h */ = {isa = PBXFileReference; fileEncoding = 4; lastKnownFileType = sourcecode.c.h; path = AAPlotBandsElement.h; sourceTree = "<group>"; };
		D4CF260D21F72C1100B30A61 /* AADataLabels.h */ = {isa = PBXFileReference; fileEncoding = 4; lastKnownFileType = sourcecode.c.h; path = AADataLabels.h; sourceTree = "<group>"; };
		D4CF260E21F72C1100B30A61 /* AAPlotOptions.h */ = {isa = PBXFileReference; fileEncoding = 4; lastKnownFileType = sourcecode.c.h; path = AAPlotOptions.h; sourceTree = "<group>"; };
		D4CF260F21F72C1100B30A61 /* AASpline.m */ = {isa = PBXFileReference; fileEncoding = 4; lastKnownFileType = sourcecode.c.objc; path = AASpline.m; sourceTree = "<group>"; };
		D4CF261021F72C1100B30A61 /* AAItemStyle.m */ = {isa = PBXFileReference; fileEncoding = 4; lastKnownFileType = sourcecode.c.objc; path = AAItemStyle.m; sourceTree = "<group>"; };
		D4CF261121F72C1100B30A61 /* AAPie.m */ = {isa = PBXFileReference; fileEncoding = 4; lastKnownFileType = sourcecode.c.objc; path = AAPie.m; sourceTree = "<group>"; };
		D4CF261221F72C1100B30A61 /* AACrosshair.h */ = {isa = PBXFileReference; fileEncoding = 4; lastKnownFileType = sourcecode.c.h; path = AACrosshair.h; sourceTree = "<group>"; };
		D4CF261321F72C1100B30A61 /* AAYAxis.h */ = {isa = PBXFileReference; fileEncoding = 4; lastKnownFileType = sourcecode.c.h; path = AAYAxis.h; sourceTree = "<group>"; };
		D4CF261421F72C1100B30A61 /* AASubtitle.h */ = {isa = PBXFileReference; fileEncoding = 4; lastKnownFileType = sourcecode.c.h; path = AASubtitle.h; sourceTree = "<group>"; };
		D4CF261521F72C1100B30A61 /* AAPlotLinesElement.h */ = {isa = PBXFileReference; fileEncoding = 4; lastKnownFileType = sourcecode.c.h; path = AAPlotLinesElement.h; sourceTree = "<group>"; };
		D4CF261621F72C1100B30A61 /* AAColumn.h */ = {isa = PBXFileReference; fileEncoding = 4; lastKnownFileType = sourcecode.c.h; path = AAColumn.h; sourceTree = "<group>"; };
		D4CF261721F72C1100B30A61 /* AAChart.m */ = {isa = PBXFileReference; fileEncoding = 4; lastKnownFileType = sourcecode.c.objc; path = AAChart.m; sourceTree = "<group>"; };
		D4CF261921F72C1100B30A61 /* AAOptions.h */ = {isa = PBXFileReference; fileEncoding = 4; lastKnownFileType = sourcecode.c.h; path = AAOptions.h; sourceTree = "<group>"; };
		D4CF261A21F72C1100B30A61 /* AAChartView.m */ = {isa = PBXFileReference; fileEncoding = 4; lastKnownFileType = sourcecode.c.objc; path = AAChartView.m; sourceTree = "<group>"; };
		D4CF261B21F72C1100B30A61 /* AAGlobalMacro.h */ = {isa = PBXFileReference; fileEncoding = 4; lastKnownFileType = sourcecode.c.h; path = AAGlobalMacro.h; sourceTree = "<group>"; };
		D4CF261C21F72C1100B30A61 /* AASeriesElement.h */ = {isa = PBXFileReference; fileEncoding = 4; lastKnownFileType = sourcecode.c.h; path = AASeriesElement.h; sourceTree = "<group>"; };
		D4CF261D21F72C1100B30A61 /* AAGradientColor.h */ = {isa = PBXFileReference; fileEncoding = 4; lastKnownFileType = sourcecode.c.h; path = AAGradientColor.h; sourceTree = "<group>"; };
		D4CF261E21F72C1100B30A61 /* AAColor.h */ = {isa = PBXFileReference; fileEncoding = 4; lastKnownFileType = sourcecode.c.h; path = AAColor.h; sourceTree = "<group>"; };
		D4CF261F21F72C1100B30A61 /* AAChartModel.m */ = {isa = PBXFileReference; fileEncoding = 4; lastKnownFileType = sourcecode.c.objc; path = AAChartModel.m; sourceTree = "<group>"; };
		D4CF262021F72C1100B30A61 /* AAChartKit.h */ = {isa = PBXFileReference; fileEncoding = 4; lastKnownFileType = sourcecode.c.h; path = AAChartKit.h; sourceTree = "<group>"; };
		D4CF262121F72C1100B30A61 /* AAOptions.m */ = {isa = PBXFileReference; fileEncoding = 4; lastKnownFileType = sourcecode.c.objc; path = AAOptions.m; sourceTree = "<group>"; };
		D4CF262221F72C1100B30A61 /* AASeriesElement.m */ = {isa = PBXFileReference; fileEncoding = 4; lastKnownFileType = sourcecode.c.objc; path = AASeriesElement.m; sourceTree = "<group>"; };
		D4CF262321F72C1100B30A61 /* AAChartView.h */ = {isa = PBXFileReference; fileEncoding = 4; lastKnownFileType = sourcecode.c.h; path = AAChartView.h; sourceTree = "<group>"; };
		D4CF262421F72C1100B30A61 /* AAColor.m */ = {isa = PBXFileReference; fileEncoding = 4; lastKnownFileType = sourcecode.c.objc; path = AAColor.m; sourceTree = "<group>"; };
		D4CF262521F72C1100B30A61 /* AAGradientColor.m */ = {isa = PBXFileReference; fileEncoding = 4; lastKnownFileType = sourcecode.c.objc; path = AAGradientColor.m; sourceTree = "<group>"; };
		D4CF262621F72C1100B30A61 /* AAChartModel.h */ = {isa = PBXFileReference; fileEncoding = 4; lastKnownFileType = sourcecode.c.h; path = AAChartModel.h; sourceTree = "<group>"; };
/* End PBXFileReference section */

/* Begin PBXFrameworksBuildPhase section */
		D48F72882194B11E00E8DAE9 /* Frameworks */ = {
			isa = PBXFrameworksBuildPhase;
			buildActionMask = 2147483647;
			files = (
			);
			runOnlyForDeploymentPostprocessing = 0;
		};
		D48F729C2194B11F00E8DAE9 /* Frameworks */ = {
			isa = PBXFrameworksBuildPhase;
			buildActionMask = 2147483647;
			files = (
			);
			runOnlyForDeploymentPostprocessing = 0;
		};
		D48F72A72194B11F00E8DAE9 /* Frameworks */ = {
			isa = PBXFrameworksBuildPhase;
			buildActionMask = 2147483647;
			files = (
			);
			runOnlyForDeploymentPostprocessing = 0;
		};
/* End PBXFrameworksBuildPhase section */

/* Begin PBXGroup section */
		D48F72822194B11E00E8DAE9 = {
			isa = PBXGroup;
			children = (
				D48F728D2194B11E00E8DAE9 /* Smarty */,
				D48F72A22194B11F00E8DAE9 /* SmartyTests */,
				D48F72AD2194B11F00E8DAE9 /* SmartyUITests */,
				D48F728C2194B11E00E8DAE9 /* Products */,
			);
			sourceTree = "<group>";
		};
		D48F728C2194B11E00E8DAE9 /* Products */ = {
			isa = PBXGroup;
			children = (
				D48F728B2194B11E00E8DAE9 /* Smarty.app */,
				D48F729F2194B11F00E8DAE9 /* SmartyTests.xctest */,
				D48F72AA2194B11F00E8DAE9 /* SmartyUITests.xctest */,
			);
			name = Products;
			sourceTree = "<group>";
		};
		D48F728D2194B11E00E8DAE9 /* Smarty */ = {
			isa = PBXGroup;
			children = (
				D48F728E2194B11E00E8DAE9 /* AppDelegate.swift */,
				D46FA1162195E8F70045C914 /* Main.storyboard */,
				D48F72902194B11E00E8DAE9 /* ViewController.swift */,
				D48F72952194B11F00E8DAE9 /* Assets.xcassets */,
				D48F72972194B11F00E8DAE9 /* LaunchScreen.storyboard */,
				D48F729A2194B11F00E8DAE9 /* Info.plist */,
				D4CF25DB21F67DBD00B30A61 /* SignInViewController.swift */,
				D4CF25DD21F685C300B30A61 /* LoggedInViewController.swift */,
				D4CF25DF21F729C100B30A61 /* MainChartViewController.swift */,
				D4CF25E121F72C1100B30A61 /* AAChartKitLib */,
			);
			path = Smarty;
			sourceTree = "<group>";
		};
		D48F72A22194B11F00E8DAE9 /* SmartyTests */ = {
			isa = PBXGroup;
			children = (
				D48F72A32194B11F00E8DAE9 /* SmartyTests.swift */,
				D48F72A52194B11F00E8DAE9 /* Info.plist */,
			);
			path = SmartyTests;
			sourceTree = "<group>";
		};
		D48F72AD2194B11F00E8DAE9 /* SmartyUITests */ = {
			isa = PBXGroup;
			children = (
				D48F72AE2194B11F00E8DAE9 /* SmartyUITests.swift */,
				D48F72B02194B11F00E8DAE9 /* Info.plist */,
			);
			path = SmartyUITests;
			sourceTree = "<group>";
		};
		D4CF25E121F72C1100B30A61 /* AAChartKitLib */ = {
			isa = PBXGroup;
			children = (
				D4CF25E221F72C1100B30A61 /* AAJSFiles.bundle */,
				D4CF25E321F72C1100B30A61 /* AAOptionsModel */,
				D4CF261821F72C1100B30A61 /* AAChartConfiger */,
			);
			name = AAChartKitLib;
			path = "../../../../../Downloads/AAChartModel-AAChartKit-a712333/AAChartKitLib";
			sourceTree = "<group>";
		};
		D4CF25E321F72C1100B30A61 /* AAOptionsModel */ = {
			isa = PBXGroup;
			children = (
				D4CF25E421F72C1100B30A61 /* AAArea.h */,
				D4CF25E521F72C1100B30A61 /* AAAreaspline.m */,
				D4CF25E621F72C1100B30A61 /* AATitle.h */,
				D4CF25E721F72C1100B30A61 /* AALabels.m */,
				D4CF25E821F72C1100B30A61 /* AAStyle.h */,
				D4CF25E921F72C1100B30A61 /* AABar.h */,
				D4CF25EA21F72C1100B30A61 /* AASeries.m */,
				D4CF25EB21F72C1100B30A61 /* AAXAxis.m */,
				D4CF25EC21F72C1100B30A61 /* AAPlotOptions.m */,
				D4CF25ED21F72C1100B30A61 /* AADataLabels.m */,
				D4CF25EE21F72C1100B30A61 /* AAPlotBandsElement.m */,
				D4CF25EF21F72C1100B30A61 /* AALine.m */,
				D4CF25F021F72C1100B30A61 /* AAMarker.h */,
				D4CF25F121F72C1100B30A61 /* AALegend.h */,
				D4CF25F221F72C1100B30A61 /* AATooltip.m */,
				D4CF25F321F72C1100B30A61 /* AALabel.h */,
				D4CF25F421F72C1100B30A61 /* AAAnimation.h */,
				D4CF25F521F72C1100B30A61 /* AASubtitle.m */,
				D4CF25F621F72C1100B30A61 /* AAYAxis.m */,
				D4CF25F721F72C1100B30A61 /* AACrosshair.m */,
				D4CF25F821F72C1100B30A61 /* AAPie.h */,
				D4CF25F921F72C1100B30A61 /* AAItemStyle.h */,
				D4CF25FA21F72C1100B30A61 /* AASpline.h */,
				D4CF25FB21F72C1100B30A61 /* AAChart.h */,
				D4CF25FC21F72C1100B30A61 /* AAColumn.m */,
				D4CF25FD21F72C1100B30A61 /* AAPlotLinesElement.m */,
				D4CF25FE21F72C1100B30A61 /* AAXAxis.h */,
				D4CF25FF21F72C1100B30A61 /* AASeries.h */,
				D4CF260021F72C1100B30A61 /* AAStyle.m */,
				D4CF260121F72C1100B30A61 /* AABar.m */,
				D4CF260221F72C1100B30A61 /* AATitle.m */,
				D4CF260321F72C1100B30A61 /* AALabels.h */,
				D4CF260421F72C1100B30A61 /* AAAreaspline.h */,
				D4CF260521F72C1100B30A61 /* AAArea.m */,
				D4CF260621F72C1100B30A61 /* AAAnimation.m */,
				D4CF260721F72C1100B30A61 /* AALabel.m */,
				D4CF260821F72C1100B30A61 /* AALegend.m */,
				D4CF260921F72C1100B30A61 /* AATooltip.h */,
				D4CF260A21F72C1100B30A61 /* AAMarker.m */,
				D4CF260B21F72C1100B30A61 /* AALine.h */,
				D4CF260C21F72C1100B30A61 /* AAPlotBandsElement.h */,
				D4CF260D21F72C1100B30A61 /* AADataLabels.h */,
				D4CF260E21F72C1100B30A61 /* AAPlotOptions.h */,
				D4CF260F21F72C1100B30A61 /* AASpline.m */,
				D4CF261021F72C1100B30A61 /* AAItemStyle.m */,
				D4CF261121F72C1100B30A61 /* AAPie.m */,
				D4CF261221F72C1100B30A61 /* AACrosshair.h */,
				D4CF261321F72C1100B30A61 /* AAYAxis.h */,
				D4CF261421F72C1100B30A61 /* AASubtitle.h */,
				D4CF261521F72C1100B30A61 /* AAPlotLinesElement.h */,
				D4CF261621F72C1100B30A61 /* AAColumn.h */,
				D4CF261721F72C1100B30A61 /* AAChart.m */,
			);
			path = AAOptionsModel;
			sourceTree = "<group>";
		};
		D4CF261821F72C1100B30A61 /* AAChartConfiger */ = {
			isa = PBXGroup;
			children = (
				D4CF261921F72C1100B30A61 /* AAOptions.h */,
				D4CF261A21F72C1100B30A61 /* AAChartView.m */,
				D4CF261B21F72C1100B30A61 /* AAGlobalMacro.h */,
				D4CF261C21F72C1100B30A61 /* AASeriesElement.h */,
				D4CF261D21F72C1100B30A61 /* AAGradientColor.h */,
				D4CF261E21F72C1100B30A61 /* AAColor.h */,
				D4CF261F21F72C1100B30A61 /* AAChartModel.m */,
				D4CF262021F72C1100B30A61 /* AAChartKit.h */,
				D4CF262121F72C1100B30A61 /* AAOptions.m */,
				D4CF262221F72C1100B30A61 /* AASeriesElement.m */,
				D4CF262321F72C1100B30A61 /* AAChartView.h */,
				D4CF262421F72C1100B30A61 /* AAColor.m */,
				D4CF262521F72C1100B30A61 /* AAGradientColor.m */,
				D4CF262621F72C1100B30A61 /* AAChartModel.h */,
			);
			path = AAChartConfiger;
			sourceTree = "<group>";
		};
/* End PBXGroup section */

/* Begin PBXNativeTarget section */
		D48F728A2194B11E00E8DAE9 /* Smarty */ = {
			isa = PBXNativeTarget;
			buildConfigurationList = D48F72B32194B11F00E8DAE9 /* Build configuration list for PBXNativeTarget "Smarty" */;
			buildPhases = (
				D48F72872194B11E00E8DAE9 /* Sources */,
				D48F72882194B11E00E8DAE9 /* Frameworks */,
				D48F72892194B11E00E8DAE9 /* Resources */,
			);
			buildRules = (
			);
			dependencies = (
			);
			name = Smarty;
			productName = Smarty;
			productReference = D48F728B2194B11E00E8DAE9 /* Smarty.app */;
			productType = "com.apple.product-type.application";
		};
		D48F729E2194B11F00E8DAE9 /* SmartyTests */ = {
			isa = PBXNativeTarget;
			buildConfigurationList = D48F72B62194B11F00E8DAE9 /* Build configuration list for PBXNativeTarget "SmartyTests" */;
			buildPhases = (
				D48F729B2194B11F00E8DAE9 /* Sources */,
				D48F729C2194B11F00E8DAE9 /* Frameworks */,
				D48F729D2194B11F00E8DAE9 /* Resources */,
			);
			buildRules = (
			);
			dependencies = (
				D48F72A12194B11F00E8DAE9 /* PBXTargetDependency */,
			);
			name = SmartyTests;
			productName = SmartyTests;
			productReference = D48F729F2194B11F00E8DAE9 /* SmartyTests.xctest */;
			productType = "com.apple.product-type.bundle.unit-test";
		};
		D48F72A92194B11F00E8DAE9 /* SmartyUITests */ = {
			isa = PBXNativeTarget;
			buildConfigurationList = D48F72B92194B11F00E8DAE9 /* Build configuration list for PBXNativeTarget "SmartyUITests" */;
			buildPhases = (
				D48F72A62194B11F00E8DAE9 /* Sources */,
				D48F72A72194B11F00E8DAE9 /* Frameworks */,
				D48F72A82194B11F00E8DAE9 /* Resources */,
			);
			buildRules = (
			);
			dependencies = (
				D48F72AC2194B11F00E8DAE9 /* PBXTargetDependency */,
			);
			name = SmartyUITests;
			productName = SmartyUITests;
			productReference = D48F72AA2194B11F00E8DAE9 /* SmartyUITests.xctest */;
			productType = "com.apple.product-type.bundle.ui-testing";
		};
/* End PBXNativeTarget section */

/* Begin PBXProject section */
		D48F72832194B11E00E8DAE9 /* Project object */ = {
			isa = PBXProject;
			attributes = {
				LastSwiftUpdateCheck = 1010;
				LastUpgradeCheck = 1010;
				ORGANIZATIONNAME = Matija;
				TargetAttributes = {
					D48F728A2194B11E00E8DAE9 = {
						CreatedOnToolsVersion = 10.1;
					};
					D48F729E2194B11F00E8DAE9 = {
						CreatedOnToolsVersion = 10.1;
						TestTargetID = D48F728A2194B11E00E8DAE9;
					};
					D48F72A92194B11F00E8DAE9 = {
						CreatedOnToolsVersion = 10.1;
						TestTargetID = D48F728A2194B11E00E8DAE9;
					};
				};
			};
			buildConfigurationList = D48F72862194B11E00E8DAE9 /* Build configuration list for PBXProject "Smarty" */;
			compatibilityVersion = "Xcode 9.3";
			developmentRegion = en;
			hasScannedForEncodings = 0;
			knownRegions = (
				en,
				Base,
			);
			mainGroup = D48F72822194B11E00E8DAE9;
			productRefGroup = D48F728C2194B11E00E8DAE9 /* Products */;
			projectDirPath = "";
			projectRoot = "";
			targets = (
				D48F728A2194B11E00E8DAE9 /* Smarty */,
				D48F729E2194B11F00E8DAE9 /* SmartyTests */,
				D48F72A92194B11F00E8DAE9 /* SmartyUITests */,
			);
		};
/* End PBXProject section */

/* Begin PBXResourcesBuildPhase section */
		D48F72892194B11E00E8DAE9 /* Resources */ = {
			isa = PBXResourcesBuildPhase;
			buildActionMask = 2147483647;
			files = (
				D46FA1172195E8F70045C914 /* Main.storyboard in Resources */,
				D48F72992194B11F00E8DAE9 /* LaunchScreen.storyboard in Resources */,
				D4CF262721F72C1100B30A61 /* AAJSFiles.bundle in Resources */,
				D48F72962194B11F00E8DAE9 /* Assets.xcassets in Resources */,
			);
			runOnlyForDeploymentPostprocessing = 0;
		};
		D48F729D2194B11F00E8DAE9 /* Resources */ = {
			isa = PBXResourcesBuildPhase;
			buildActionMask = 2147483647;
			files = (
			);
			runOnlyForDeploymentPostprocessing = 0;
		};
		D48F72A82194B11F00E8DAE9 /* Resources */ = {
			isa = PBXResourcesBuildPhase;
			buildActionMask = 2147483647;
			files = (
			);
			runOnlyForDeploymentPostprocessing = 0;
		};
/* End PBXResourcesBuildPhase section */

/* Begin PBXSourcesBuildPhase section */
		D48F72872194B11E00E8DAE9 /* Sources */ = {
			isa = PBXSourcesBuildPhase;
			buildActionMask = 2147483647;
			files = (
				D4CF264021F72C1200B30A61 /* AAPie.m in Sources */,
				D4CF263C21F72C1200B30A61 /* AALegend.m in Sources */,
				D4CF25E021F729C100B30A61 /* MainChartViewController.swift in Sources */,
				D4CF263021F72C1100B30A61 /* AATooltip.m in Sources */,
				D4CF263F21F72C1200B30A61 /* AAItemStyle.m in Sources */,
				D4CF262821F72C1100B30A61 /* AAAreaspline.m in Sources */,
				D4CF263621F72C1100B30A61 /* AAStyle.m in Sources */,
				D4CF263421F72C1100B30A61 /* AAColumn.m in Sources */,
				D4CF263E21F72C1200B30A61 /* AASpline.m in Sources */,
				D4CF262A21F72C1100B30A61 /* AASeries.m in Sources */,
				D4CF263221F72C1100B30A61 /* AAYAxis.m in Sources */,
				D48F72912194B11E00E8DAE9 /* ViewController.swift in Sources */,
				D4CF262F21F72C1100B30A61 /* AALine.m in Sources */,
				D4CF262D21F72C1100B30A61 /* AADataLabels.m in Sources */,
				D4CF263821F72C1100B30A61 /* AATitle.m in Sources */,
				D48F728F2194B11E00E8DAE9 /* AppDelegate.swift in Sources */,
				D4CF264721F72C1200B30A61 /* AAGradientColor.m in Sources */,
				D4CF264521F72C1200B30A61 /* AASeriesElement.m in Sources */,
				D4CF262C21F72C1100B30A61 /* AAPlotOptions.m in Sources */,
				D4CF25DC21F67DBD00B30A61 /* SignInViewController.swift in Sources */,
				D4CF263D21F72C1200B30A61 /* AAMarker.m in Sources */,
				D4CF25DE21F685C300B30A61 /* LoggedInViewController.swift in Sources */,
				D4CF264421F72C1200B30A61 /* AAOptions.m in Sources */,
				D4CF262B21F72C1100B30A61 /* AAXAxis.m in Sources */,
				D4CF264321F72C1200B30A61 /* AAChartModel.m in Sources */,
				D4CF263721F72C1100B30A61 /* AABar.m in Sources */,
				D4CF264621F72C1200B30A61 /* AAColor.m in Sources */,
				D4CF263521F72C1100B30A61 /* AAPlotLinesElement.m in Sources */,
				D4CF264221F72C1200B30A61 /* AAChartView.m in Sources */,
				D4CF263A21F72C1100B30A61 /* AAAnimation.m in Sources */,
				D4CF262E21F72C1100B30A61 /* AAPlotBandsElement.m in Sources */,
				D4CF263B21F72C1100B30A61 /* AALabel.m in Sources */,
				D4CF262921F72C1100B30A61 /* AALabels.m in Sources */,
				D4CF263121F72C1100B30A61 /* AASubtitle.m in Sources */,
				D4CF264121F72C1200B30A61 /* AAChart.m in Sources */,
				D4CF263321F72C1100B30A61 /* AACrosshair.m in Sources */,
				D4CF263921F72C1100B30A61 /* AAArea.m in Sources */,
			);
			runOnlyForDeploymentPostprocessing = 0;
		};
		D48F729B2194B11F00E8DAE9 /* Sources */ = {
			isa = PBXSourcesBuildPhase;
			buildActionMask = 2147483647;
			files = (
				D48F72A42194B11F00E8DAE9 /* SmartyTests.swift in Sources */,
			);
			runOnlyForDeploymentPostprocessing = 0;
		};
		D48F72A62194B11F00E8DAE9 /* Sources */ = {
			isa = PBXSourcesBuildPhase;
			buildActionMask = 2147483647;
			files = (
				D48F72AF2194B11F00E8DAE9 /* SmartyUITests.swift in Sources */,
			);
			runOnlyForDeploymentPostprocessing = 0;
		};
/* End PBXSourcesBuildPhase section */

/* Begin PBXTargetDependency section */
		D48F72A12194B11F00E8DAE9 /* PBXTargetDependency */ = {
			isa = PBXTargetDependency;
			target = D48F728A2194B11E00E8DAE9 /* Smarty */;
			targetProxy = D48F72A02194B11F00E8DAE9 /* PBXContainerItemProxy */;
		};
		D48F72AC2194B11F00E8DAE9 /* PBXTargetDependency */ = {
			isa = PBXTargetDependency;
			target = D48F728A2194B11E00E8DAE9 /* Smarty */;
			targetProxy = D48F72AB2194B11F00E8DAE9 /* PBXContainerItemProxy */;
		};
/* End PBXTargetDependency section */

/* Begin PBXVariantGroup section */
		D48F72972194B11F00E8DAE9 /* LaunchScreen.storyboard */ = {
			isa = PBXVariantGroup;
			children = (
				D48F72982194B11F00E8DAE9 /* Base */,
			);
			name = LaunchScreen.storyboard;
			sourceTree = "<group>";
		};
/* End PBXVariantGroup section */

/* Begin XCBuildConfiguration section */
		D48F72B12194B11F00E8DAE9 /* Debug */ = {
			isa = XCBuildConfiguration;
			buildSettings = {
				ALWAYS_SEARCH_USER_PATHS = NO;
				CLANG_ANALYZER_NONNULL = YES;
				CLANG_ANALYZER_NUMBER_OBJECT_CONVERSION = YES_AGGRESSIVE;
				CLANG_CXX_LANGUAGE_STANDARD = "gnu++14";
				CLANG_CXX_LIBRARY = "libc++";
				CLANG_ENABLE_MODULES = YES;
				CLANG_ENABLE_OBJC_ARC = YES;
				CLANG_ENABLE_OBJC_WEAK = YES;
				CLANG_WARN_BLOCK_CAPTURE_AUTORELEASING = YES;
				CLANG_WARN_BOOL_CONVERSION = YES;
				CLANG_WARN_COMMA = YES;
				CLANG_WARN_CONSTANT_CONVERSION = YES;
				CLANG_WARN_DEPRECATED_OBJC_IMPLEMENTATIONS = YES;
				CLANG_WARN_DIRECT_OBJC_ISA_USAGE = YES_ERROR;
				CLANG_WARN_DOCUMENTATION_COMMENTS = YES;
				CLANG_WARN_EMPTY_BODY = YES;
				CLANG_WARN_ENUM_CONVERSION = YES;
				CLANG_WARN_INFINITE_RECURSION = YES;
				CLANG_WARN_INT_CONVERSION = YES;
				CLANG_WARN_NON_LITERAL_NULL_CONVERSION = YES;
				CLANG_WARN_OBJC_IMPLICIT_RETAIN_SELF = YES;
				CLANG_WARN_OBJC_LITERAL_CONVERSION = YES;
				CLANG_WARN_OBJC_ROOT_CLASS = YES_ERROR;
				CLANG_WARN_RANGE_LOOP_ANALYSIS = YES;
				CLANG_WARN_STRICT_PROTOTYPES = YES;
				CLANG_WARN_SUSPICIOUS_MOVE = YES;
				CLANG_WARN_UNGUARDED_AVAILABILITY = YES_AGGRESSIVE;
				CLANG_WARN_UNREACHABLE_CODE = YES;
				CLANG_WARN__DUPLICATE_METHOD_MATCH = YES;
				CODE_SIGN_IDENTITY = "iPhone Developer";
				COPY_PHASE_STRIP = NO;
				DEBUG_INFORMATION_FORMAT = dwarf;
				ENABLE_STRICT_OBJC_MSGSEND = YES;
				ENABLE_TESTABILITY = YES;
				GCC_C_LANGUAGE_STANDARD = gnu11;
				GCC_DYNAMIC_NO_PIC = NO;
				GCC_NO_COMMON_BLOCKS = YES;
				GCC_OPTIMIZATION_LEVEL = 0;
				GCC_PREPROCESSOR_DEFINITIONS = (
					"DEBUG=1",
					"$(inherited)",
				);
				GCC_WARN_64_TO_32_BIT_CONVERSION = YES;
				GCC_WARN_ABOUT_RETURN_TYPE = YES_ERROR;
				GCC_WARN_UNDECLARED_SELECTOR = YES;
				GCC_WARN_UNINITIALIZED_AUTOS = YES_AGGRESSIVE;
				GCC_WARN_UNUSED_FUNCTION = YES;
				GCC_WARN_UNUSED_VARIABLE = YES;
				IPHONEOS_DEPLOYMENT_TARGET = 12.1;
				MTL_ENABLE_DEBUG_INFO = INCLUDE_SOURCE;
				MTL_FAST_MATH = YES;
				ONLY_ACTIVE_ARCH = YES;
				SDKROOT = iphoneos;
				SWIFT_ACTIVE_COMPILATION_CONDITIONS = DEBUG;
				SWIFT_OPTIMIZATION_LEVEL = "-Onone";
			};
			name = Debug;
		};
		D48F72B22194B11F00E8DAE9 /* Release */ = {
			isa = XCBuildConfiguration;
			buildSettings = {
				ALWAYS_SEARCH_USER_PATHS = NO;
				CLANG_ANALYZER_NONNULL = YES;
				CLANG_ANALYZER_NUMBER_OBJECT_CONVERSION = YES_AGGRESSIVE;
				CLANG_CXX_LANGUAGE_STANDARD = "gnu++14";
				CLANG_CXX_LIBRARY = "libc++";
				CLANG_ENABLE_MODULES = YES;
				CLANG_ENABLE_OBJC_ARC = YES;
				CLANG_ENABLE_OBJC_WEAK = YES;
				CLANG_WARN_BLOCK_CAPTURE_AUTORELEASING = YES;
				CLANG_WARN_BOOL_CONVERSION = YES;
				CLANG_WARN_COMMA = YES;
				CLANG_WARN_CONSTANT_CONVERSION = YES;
				CLANG_WARN_DEPRECATED_OBJC_IMPLEMENTATIONS = YES;
				CLANG_WARN_DIRECT_OBJC_ISA_USAGE = YES_ERROR;
				CLANG_WARN_DOCUMENTATION_COMMENTS = YES;
				CLANG_WARN_EMPTY_BODY = YES;
				CLANG_WARN_ENUM_CONVERSION = YES;
				CLANG_WARN_INFINITE_RECURSION = YES;
				CLANG_WARN_INT_CONVERSION = YES;
				CLANG_WARN_NON_LITERAL_NULL_CONVERSION = YES;
				CLANG_WARN_OBJC_IMPLICIT_RETAIN_SELF = YES;
				CLANG_WARN_OBJC_LITERAL_CONVERSION = YES;
				CLANG_WARN_OBJC_ROOT_CLASS = YES_ERROR;
				CLANG_WARN_RANGE_LOOP_ANALYSIS = YES;
				CLANG_WARN_STRICT_PROTOTYPES = YES;
				CLANG_WARN_SUSPICIOUS_MOVE = YES;
				CLANG_WARN_UNGUARDED_AVAILABILITY = YES_AGGRESSIVE;
				CLANG_WARN_UNREACHABLE_CODE = YES;
				CLANG_WARN__DUPLICATE_METHOD_MATCH = YES;
				CODE_SIGN_IDENTITY = "iPhone Developer";
				COPY_PHASE_STRIP = NO;
				DEBUG_INFORMATION_FORMAT = "dwarf-with-dsym";
				ENABLE_NS_ASSERTIONS = NO;
				ENABLE_STRICT_OBJC_MSGSEND = YES;
				GCC_C_LANGUAGE_STANDARD = gnu11;
				GCC_NO_COMMON_BLOCKS = YES;
				GCC_WARN_64_TO_32_BIT_CONVERSION = YES;
				GCC_WARN_ABOUT_RETURN_TYPE = YES_ERROR;
				GCC_WARN_UNDECLARED_SELECTOR = YES;
				GCC_WARN_UNINITIALIZED_AUTOS = YES_AGGRESSIVE;
				GCC_WARN_UNUSED_FUNCTION = YES;
				GCC_WARN_UNUSED_VARIABLE = YES;
				IPHONEOS_DEPLOYMENT_TARGET = 12.1;
				MTL_ENABLE_DEBUG_INFO = NO;
				MTL_FAST_MATH = YES;
				SDKROOT = iphoneos;
				SWIFT_COMPILATION_MODE = wholemodule;
				SWIFT_OPTIMIZATION_LEVEL = "-O";
				VALIDATE_PRODUCT = YES;
			};
			name = Release;
		};
		D48F72B42194B11F00E8DAE9 /* Debug */ = {
			isa = XCBuildConfiguration;
			buildSettings = {
				ASSETCATALOG_COMPILER_APPICON_NAME = AppIcon;
				CODE_SIGN_IDENTITY = "iPhone Developer";
				CODE_SIGN_STYLE = Automatic;
				DEVELOPMENT_TEAM = "";
				INFOPLIST_FILE = Smarty/Info.plist;
				LD_RUNPATH_SEARCH_PATHS = (
					"$(inherited)",
					"@executable_path/Frameworks",
				);
				PRODUCT_BUNDLE_IDENTIFIER = foi.Smarty;
				PRODUCT_NAME = "$(TARGET_NAME)";
				PROVISIONING_PROFILE_SPECIFIER = "";
				SWIFT_VERSION = 4.2;
				TARGETED_DEVICE_FAMILY = "1,2";
			};
			name = Debug;
		};
		D48F72B52194B11F00E8DAE9 /* Release */ = {
			isa = XCBuildConfiguration;
			buildSettings = {
				ASSETCATALOG_COMPILER_APPICON_NAME = AppIcon;
				CODE_SIGN_IDENTITY = "iPhone Developer";
				CODE_SIGN_STYLE = Automatic;
				DEVELOPMENT_TEAM = "";
				INFOPLIST_FILE = Smarty/Info.plist;
				LD_RUNPATH_SEARCH_PATHS = (
					"$(inherited)",
					"@executable_path/Frameworks",
				);
				PRODUCT_BUNDLE_IDENTIFIER = foi.Smarty;
				PRODUCT_NAME = "$(TARGET_NAME)";
				PROVISIONING_PROFILE_SPECIFIER = "";
				SWIFT_VERSION = 4.2;
				TARGETED_DEVICE_FAMILY = "1,2";
			};
			name = Release;
		};
		D48F72B72194B11F00E8DAE9 /* Debug */ = {
			isa = XCBuildConfiguration;
			buildSettings = {
				ALWAYS_EMBED_SWIFT_STANDARD_LIBRARIES = YES;
				BUNDLE_LOADER = "$(TEST_HOST)";
				CODE_SIGN_STYLE = Automatic;
				INFOPLIST_FILE = SmartyTests/Info.plist;
				LD_RUNPATH_SEARCH_PATHS = (
					"$(inherited)",
					"@executable_path/Frameworks",
					"@loader_path/Frameworks",
				);
				PRODUCT_BUNDLE_IDENTIFIER = foi.SmartyTests;
				PRODUCT_NAME = "$(TARGET_NAME)";
				SWIFT_VERSION = 4.2;
				TARGETED_DEVICE_FAMILY = "1,2";
				TEST_HOST = "$(BUILT_PRODUCTS_DIR)/Smarty.app/Smarty";
			};
			name = Debug;
		};
		D48F72B82194B11F00E8DAE9 /* Release */ = {
			isa = XCBuildConfiguration;
			buildSettings = {
				ALWAYS_EMBED_SWIFT_STANDARD_LIBRARIES = YES;
				BUNDLE_LOADER = "$(TEST_HOST)";
				CODE_SIGN_STYLE = Automatic;
				INFOPLIST_FILE = SmartyTests/Info.plist;
				LD_RUNPATH_SEARCH_PATHS = (
					"$(inherited)",
					"@executable_path/Frameworks",
					"@loader_path/Frameworks",
				);
				PRODUCT_BUNDLE_IDENTIFIER = foi.SmartyTests;
				PRODUCT_NAME = "$(TARGET_NAME)";
				SWIFT_VERSION = 4.2;
				TARGETED_DEVICE_FAMILY = "1,2";
				TEST_HOST = "$(BUILT_PRODUCTS_DIR)/Smarty.app/Smarty";
			};
			name = Release;
		};
		D48F72BA2194B11F00E8DAE9 /* Debug */ = {
			isa = XCBuildConfiguration;
			buildSettings = {
				ALWAYS_EMBED_SWIFT_STANDARD_LIBRARIES = YES;
				CODE_SIGN_STYLE = Automatic;
				INFOPLIST_FILE = SmartyUITests/Info.plist;
				LD_RUNPATH_SEARCH_PATHS = (
					"$(inherited)",
					"@executable_path/Frameworks",
					"@loader_path/Frameworks",
				);
				PRODUCT_BUNDLE_IDENTIFIER = foi.SmartyUITests;
				PRODUCT_NAME = "$(TARGET_NAME)";
				SWIFT_VERSION = 4.2;
				TARGETED_DEVICE_FAMILY = "1,2";
				TEST_TARGET_NAME = Smarty;
			};
			name = Debug;
		};
		D48F72BB2194B11F00E8DAE9 /* Release */ = {
			isa = XCBuildConfiguration;
			buildSettings = {
				ALWAYS_EMBED_SWIFT_STANDARD_LIBRARIES = YES;
				CODE_SIGN_STYLE = Automatic;
				INFOPLIST_FILE = SmartyUITests/Info.plist;
				LD_RUNPATH_SEARCH_PATHS = (
					"$(inherited)",
					"@executable_path/Frameworks",
					"@loader_path/Frameworks",
				);
				PRODUCT_BUNDLE_IDENTIFIER = foi.SmartyUITests;
				PRODUCT_NAME = "$(TARGET_NAME)";
				SWIFT_VERSION = 4.2;
				TARGETED_DEVICE_FAMILY = "1,2";
				TEST_TARGET_NAME = Smarty;
			};
			name = Release;
		};
/* End XCBuildConfiguration section */

/* Begin XCConfigurationList section */
		D48F72862194B11E00E8DAE9 /* Build configuration list for PBXProject "Smarty" */ = {
			isa = XCConfigurationList;
			buildConfigurations = (
				D48F72B12194B11F00E8DAE9 /* Debug */,
				D48F72B22194B11F00E8DAE9 /* Release */,
			);
			defaultConfigurationIsVisible = 0;
			defaultConfigurationName = Release;
		};
		D48F72B32194B11F00E8DAE9 /* Build configuration list for PBXNativeTarget "Smarty" */ = {
			isa = XCConfigurationList;
			buildConfigurations = (
				D48F72B42194B11F00E8DAE9 /* Debug */,
				D48F72B52194B11F00E8DAE9 /* Release */,
			);
			defaultConfigurationIsVisible = 0;
			defaultConfigurationName = Release;
		};
		D48F72B62194B11F00E8DAE9 /* Build configuration list for PBXNativeTarget "SmartyTests" */ = {
			isa = XCConfigurationList;
			buildConfigurations = (
				D48F72B72194B11F00E8DAE9 /* Debug */,
				D48F72B82194B11F00E8DAE9 /* Release */,
			);
			defaultConfigurationIsVisible = 0;
			defaultConfigurationName = Release;
		};
		D48F72B92194B11F00E8DAE9 /* Build configuration list for PBXNativeTarget "SmartyUITests" */ = {
			isa = XCConfigurationList;
			buildConfigurations = (
				D48F72BA2194B11F00E8DAE9 /* Debug */,
				D48F72BB2194B11F00E8DAE9 /* Release */,
			);
			defaultConfigurationIsVisible = 0;
			defaultConfigurationName = Release;
		};
/* End XCConfigurationList section */
	};
	rootObject = D48F72832194B11E00E8DAE9 /* Project object */;
}
